
Microsoft Visual Studio Solution File, Format Version 12.00
# Visual Studio Version 17
VisualStudioVersion = 17.5.33627.172
MinimumVisualStudioVersion = 10.0.40219.1
Project("{9A19103F-16F7-4668-BE54-9A1E7A4F7556}") = "Uva.ProjetoFinal", "Uva.ProjetoFinal\Uva.ProjetoFinal.csproj", "{C67671C8-CC49-4FB9-80DB-9FAF1D139338}"
EndProject
Global
	GlobalSection(SolutionConfigurationPlatforms) = preSolution
		Debug|Any CPU = Debug|Any CPU
		Release|Any CPU = Release|Any CPU
	EndGlobalSection
	GlobalSection(ProjectConfigurationPlatforms) = postSolution
		{C67671C8-CC49-4FB9-80DB-9FAF1D139338}.Debug|Any CPU.ActiveCfg = Debug|Any CPU
		{C67671C8-CC49-4FB9-80DB-9FAF1D139338}.Debug|Any CPU.Build.0 = Debug|Any CPU
		{C67671C8-CC49-4FB9-80DB-9FAF1D139338}.Release|Any CPU.ActiveCfg = Release|Any CPU
		{C67671C8-CC49-4FB9-80DB-9FAF1D139338}.Release|Any CPU.Build.0 = Release|Any CPU
	EndGlobalSection
	GlobalSection(SolutionProperties) = preSolution
		HideSolutionNode = FALSE
	EndGlobalSection
	GlobalSection(ExtensibilityGlobals) = postSolution
		SolutionGuid = {625E87A5-8EFE-4695-8342-82278C793003}
	EndGlobalSection
EndGlobal
